// !$*UTF8*$!
{
	archiveVersion = 1;
	classes = {
	};
	objectVersion = 50;
	objects = {

/* Begin PBXBuildFile section */
		04122DB822205FD1003461DB /* AppDelegate.swift in Sources */ = {isa = PBXBuildFile; fileRef = 04122DB722205FD1003461DB /* AppDelegate.swift */; };
		04122DBA22205FD1003461DB /* SearchViewController.swift in Sources */ = {isa = PBXBuildFile; fileRef = 04122DB922205FD1003461DB /* SearchViewController.swift */; };
		04122DBD22205FD1003461DB /* Main.storyboard in Resources */ = {isa = PBXBuildFile; fileRef = 04122DBB22205FD1003461DB /* Main.storyboard */; };
		04122DBF22205FD4003461DB /* Assets.xcassets in Resources */ = {isa = PBXBuildFile; fileRef = 04122DBE22205FD4003461DB /* Assets.xcassets */; };
		04122DC222205FD4003461DB /* LaunchScreen.storyboard in Resources */ = {isa = PBXBuildFile; fileRef = 04122DC022205FD4003461DB /* LaunchScreen.storyboard */; };
		04122DCC2221C3F6003461DB /* SearchHeader.swift in Sources */ = {isa = PBXBuildFile; fileRef = 04122DCB2221C3F6003461DB /* SearchHeader.swift */; };
		04122DCE2221C40D003461DB /* SearchHeader.xib in Resources */ = {isa = PBXBuildFile; fileRef = 04122DCD2221C40D003461DB /* SearchHeader.xib */; };
		04122DD02221CC1E003461DB /* SearchTableViewCell.swift in Sources */ = {isa = PBXBuildFile; fileRef = 04122DCF2221CC1E003461DB /* SearchTableViewCell.swift */; };
		04122DD622226ECB003461DB /* DDGModel.swift in Sources */ = {isa = PBXBuildFile; fileRef = 04122DD522226ECB003461DB /* DDGModel.swift */; };
		04122DD822230F01003461DB /* NetworkService.swift in Sources */ = {isa = PBXBuildFile; fileRef = 04122DD722230F00003461DB /* NetworkService.swift */; };
		04122DDA22237055003461DB /* ImageCache.swift in Sources */ = {isa = PBXBuildFile; fileRef = 04122DD922237055003461DB /* ImageCache.swift */; };
		04122DDC22237CDF003461DB /* SearchViewModel.swift in Sources */ = {isa = PBXBuildFile; fileRef = 04122DDB22237CDF003461DB /* SearchViewModel.swift */; };
		04D2A88C2231C1630072B64C /* DuckDuckSearchTests.swift in Sources */ = {isa = PBXBuildFile; fileRef = 04D2A88B2231C1630072B64C /* DuckDuckSearchTests.swift */; };
		04E7F3AD222706CA0064AFE0 /* ImageView+additionalSettings.swift in Sources */ = {isa = PBXBuildFile; fileRef = 04E7F3AC222706CA0064AFE0 /* ImageView+additionalSettings.swift */; };
		04E7F3B0222850FC0064AFE0 /* DuckDuckSearch.xcdatamodeld in Sources */ = {isa = PBXBuildFile; fileRef = 04E7F3AE222850FC0064AFE0 /* DuckDuckSearch.xcdatamodeld */; };
		04E7F3B422285D420064AFE0 /* DataController.swift in Sources */ = {isa = PBXBuildFile; fileRef = 04E7F3B322285D420064AFE0 /* DataController.swift */; };
		04E7F3B722287D6A0064AFE0 /* SearchTerms+CoreDataClass.swift in Sources */ = {isa = PBXBuildFile; fileRef = 04E7F3B522287D6A0064AFE0 /* SearchTerms+CoreDataClass.swift */; };
		04E7F3B822287D6A0064AFE0 /* SearchTerms+CoreDataProperties.swift in Sources */ = {isa = PBXBuildFile; fileRef = 04E7F3B622287D6A0064AFE0 /* SearchTerms+CoreDataProperties.swift */; };
		04E7F3BA2228937F0064AFE0 /* DataPersistenceService.swift in Sources */ = {isa = PBXBuildFile; fileRef = 04E7F3B92228937F0064AFE0 /* DataPersistenceService.swift */; };
		04E7F3BC222CA8150064AFE0 /* ResultViewController.swift in Sources */ = {isa = PBXBuildFile; fileRef = 04E7F3BB222CA8140064AFE0 /* ResultViewController.swift */; };
/* End PBXBuildFile section */

/* Begin PBXContainerItemProxy section */
		04D2A88E2231C1630072B64C /* PBXContainerItemProxy */ = {
			isa = PBXContainerItemProxy;
			containerPortal = 04122DAC22205FD1003461DB /* Project object */;
			proxyType = 1;
			remoteGlobalIDString = 04122DB322205FD1003461DB;
			remoteInfo = DuckDuckSearch;
		};
/* End PBXContainerItemProxy section */

/* Begin PBXFileReference section */
		04122DB422205FD1003461DB /* DuckDuckSearch.app */ = {isa = PBXFileReference; explicitFileType = wrapper.application; includeInIndex = 0; path = DuckDuckSearch.app; sourceTree = BUILT_PRODUCTS_DIR; };
		04122DB722205FD1003461DB /* AppDelegate.swift */ = {isa = PBXFileReference; lastKnownFileType = sourcecode.swift; path = AppDelegate.swift; sourceTree = "<group>"; };
		04122DB922205FD1003461DB /* SearchViewController.swift */ = {isa = PBXFileReference; lastKnownFileType = sourcecode.swift; path = SearchViewController.swift; sourceTree = "<group>"; };
		04122DBC22205FD1003461DB /* Base */ = {isa = PBXFileReference; lastKnownFileType = file.storyboard; name = Base; path = Base.lproj/Main.storyboard; sourceTree = "<group>"; };
		04122DBE22205FD4003461DB /* Assets.xcassets */ = {isa = PBXFileReference; lastKnownFileType = folder.assetcatalog; path = Assets.xcassets; sourceTree = "<group>"; };
		04122DC122205FD4003461DB /* Base */ = {isa = PBXFileReference; lastKnownFileType = file.storyboard; name = Base; path = Base.lproj/LaunchScreen.storyboard; sourceTree = "<group>"; };
		04122DC322205FD4003461DB /* Info.plist */ = {isa = PBXFileReference; lastKnownFileType = text.plist.xml; path = Info.plist; sourceTree = "<group>"; };
		04122DCB2221C3F6003461DB /* SearchHeader.swift */ = {isa = PBXFileReference; lastKnownFileType = sourcecode.swift; path = SearchHeader.swift; sourceTree = "<group>"; };
		04122DCD2221C40D003461DB /* SearchHeader.xib */ = {isa = PBXFileReference; lastKnownFileType = file.xib; path = SearchHeader.xib; sourceTree = "<group>"; };
		04122DCF2221CC1E003461DB /* SearchTableViewCell.swift */ = {isa = PBXFileReference; lastKnownFileType = sourcecode.swift; path = SearchTableViewCell.swift; sourceTree = "<group>"; };
		04122DD522226ECB003461DB /* DDGModel.swift */ = {isa = PBXFileReference; lastKnownFileType = sourcecode.swift; path = DDGModel.swift; sourceTree = "<group>"; };
		04122DD722230F00003461DB /* NetworkService.swift */ = {isa = PBXFileReference; lastKnownFileType = sourcecode.swift; path = NetworkService.swift; sourceTree = "<group>"; };
		04122DD922237055003461DB /* ImageCache.swift */ = {isa = PBXFileReference; lastKnownFileType = sourcecode.swift; path = ImageCache.swift; sourceTree = "<group>"; };
		04122DDB22237CDF003461DB /* SearchViewModel.swift */ = {isa = PBXFileReference; lastKnownFileType = sourcecode.swift; path = SearchViewModel.swift; sourceTree = "<group>"; };
		04D2A8892231C1620072B64C /* DuckDuckSearchTests.xctest */ = {isa = PBXFileReference; explicitFileType = wrapper.cfbundle; includeInIndex = 0; path = DuckDuckSearchTests.xctest; sourceTree = BUILT_PRODUCTS_DIR; };
		04D2A88B2231C1630072B64C /* DuckDuckSearchTests.swift */ = {isa = PBXFileReference; lastKnownFileType = sourcecode.swift; path = DuckDuckSearchTests.swift; sourceTree = "<group>"; };
		04D2A88D2231C1630072B64C /* Info.plist */ = {isa = PBXFileReference; lastKnownFileType = text.plist.xml; path = Info.plist; sourceTree = "<group>"; };
		04E7F3AC222706CA0064AFE0 /* ImageView+additionalSettings.swift */ = {isa = PBXFileReference; lastKnownFileType = sourcecode.swift; path = "ImageView+additionalSettings.swift"; sourceTree = "<group>"; };
		04E7F3AF222850FC0064AFE0 /* DuckDuckSearch.xcdatamodel */ = {isa = PBXFileReference; lastKnownFileType = wrapper.xcdatamodel; path = DuckDuckSearch.xcdatamodel; sourceTree = "<group>"; };
		04E7F3B322285D420064AFE0 /* DataController.swift */ = {isa = PBXFileReference; lastKnownFileType = sourcecode.swift; path = DataController.swift; sourceTree = "<group>"; };
		04E7F3B522287D6A0064AFE0 /* SearchTerms+CoreDataClass.swift */ = {isa = PBXFileReference; lastKnownFileType = sourcecode.swift; path = "SearchTerms+CoreDataClass.swift"; sourceTree = "<group>"; };
		04E7F3B622287D6A0064AFE0 /* SearchTerms+CoreDataProperties.swift */ = {isa = PBXFileReference; lastKnownFileType = sourcecode.swift; path = "SearchTerms+CoreDataProperties.swift"; sourceTree = "<group>"; };
		04E7F3B92228937F0064AFE0 /* DataPersistenceService.swift */ = {isa = PBXFileReference; lastKnownFileType = sourcecode.swift; path = DataPersistenceService.swift; sourceTree = "<group>"; };
		04E7F3BB222CA8140064AFE0 /* ResultViewController.swift */ = {isa = PBXFileReference; lastKnownFileType = sourcecode.swift; path = ResultViewController.swift; sourceTree = "<group>"; };
/* End PBXFileReference section */

/* Begin PBXFrameworksBuildPhase section */
		04122DB122205FD1003461DB /* Frameworks */ = {
			isa = PBXFrameworksBuildPhase;
			buildActionMask = 2147483647;
			files = (
			);
			runOnlyForDeploymentPostprocessing = 0;
		};
		04D2A8862231C1620072B64C /* Frameworks */ = {
			isa = PBXFrameworksBuildPhase;
			buildActionMask = 2147483647;
			files = (
			);
			runOnlyForDeploymentPostprocessing = 0;
		};
/* End PBXFrameworksBuildPhase section */

/* Begin PBXGroup section */
		04122DAB22205FD1003461DB = {
			isa = PBXGroup;
			children = (
				04122DB622205FD1003461DB /* DuckDuckSearch */,
				04D2A88A2231C1630072B64C /* DuckDuckSearchTests */,
				04122DB522205FD1003461DB /* Products */,
			);
			sourceTree = "<group>";
		};
		04122DB522205FD1003461DB /* Products */ = {
			isa = PBXGroup;
			children = (
				04122DB422205FD1003461DB /* DuckDuckSearch.app */,
				04D2A8892231C1620072B64C /* DuckDuckSearchTests.xctest */,
			);
			name = Products;
			sourceTree = "<group>";
		};
		04122DB622205FD1003461DB /* DuckDuckSearch */ = {
			isa = PBXGroup;
			children = (
				04122DD422226DE4003461DB /* Services */,
				04122DD322226DD9003461DB /* ViewModel */,
				04122DD222226DD0003461DB /* View */,
				04122DD122226DC6003461DB /* Model */,
				04122DB722205FD1003461DB /* AppDelegate.swift */,
				04122DBE22205FD4003461DB /* Assets.xcassets */,
				04122DC022205FD4003461DB /* LaunchScreen.storyboard */,
				04122DC322205FD4003461DB /* Info.plist */,
				04E7F3AE222850FC0064AFE0 /* DuckDuckSearch.xcdatamodeld */,
			);
			path = DuckDuckSearch;
			sourceTree = "<group>";
		};
		04122DD122226DC6003461DB /* Model */ = {
			isa = PBXGroup;
			children = (
				04122DD522226ECB003461DB /* DDGModel.swift */,
				04E7F3B522287D6A0064AFE0 /* SearchTerms+CoreDataClass.swift */,
				04E7F3B622287D6A0064AFE0 /* SearchTerms+CoreDataProperties.swift */,
			);
			path = Model;
			sourceTree = "<group>";
		};
		04122DD222226DD0003461DB /* View */ = {
			isa = PBXGroup;
			children = (
				04122DB922205FD1003461DB /* SearchViewController.swift */,
				04122DCF2221CC1E003461DB /* SearchTableViewCell.swift */,
				04122DCB2221C3F6003461DB /* SearchHeader.swift */,
				04122DCD2221C40D003461DB /* SearchHeader.xib */,
				04122DBB22205FD1003461DB /* Main.storyboard */,
				04E7F3BB222CA8140064AFE0 /* ResultViewController.swift */,
			);
			path = View;
			sourceTree = "<group>";
		};
		04122DD322226DD9003461DB /* ViewModel */ = {
			isa = PBXGroup;
			children = (
				04122DDB22237CDF003461DB /* SearchViewModel.swift */,
			);
			path = ViewModel;
			sourceTree = "<group>";
		};
		04122DD422226DE4003461DB /* Services */ = {
			isa = PBXGroup;
			children = (
				04122DD722230F00003461DB /* NetworkService.swift */,
				04122DD922237055003461DB /* ImageCache.swift */,
				04E7F3AC222706CA0064AFE0 /* ImageView+additionalSettings.swift */,
				04E7F3B322285D420064AFE0 /* DataController.swift */,
				04E7F3B92228937F0064AFE0 /* DataPersistenceService.swift */,
			);
			path = Services;
			sourceTree = "<group>";
		};
		04D2A88A2231C1630072B64C /* DuckDuckSearchTests */ = {
			isa = PBXGroup;
			children = (
				04D2A88B2231C1630072B64C /* DuckDuckSearchTests.swift */,
				04D2A88D2231C1630072B64C /* Info.plist */,
			);
			path = DuckDuckSearchTests;
			sourceTree = "<group>";
		};
/* End PBXGroup section */

/* Begin PBXNativeTarget section */
		04122DB322205FD1003461DB /* DuckDuckSearch */ = {
			isa = PBXNativeTarget;
			buildConfigurationList = 04122DC622205FD4003461DB /* Build configuration list for PBXNativeTarget "DuckDuckSearch" */;
			buildPhases = (
				04122DB022205FD1003461DB /* Sources */,
				04122DB122205FD1003461DB /* Frameworks */,
				04122DB222205FD1003461DB /* Resources */,
			);
			buildRules = (
			);
			dependencies = (
			);
			name = DuckDuckSearch;
			productName = DuckDuckSearch;
			productReference = 04122DB422205FD1003461DB /* DuckDuckSearch.app */;
			productType = "com.apple.product-type.application";
		};
		04D2A8882231C1620072B64C /* DuckDuckSearchTests */ = {
			isa = PBXNativeTarget;
			buildConfigurationList = 04D2A8922231C17E0072B64C /* Build configuration list for PBXNativeTarget "DuckDuckSearchTests" */;
			buildPhases = (
				04D2A8852231C1620072B64C /* Sources */,
				04D2A8862231C1620072B64C /* Frameworks */,
				04D2A8872231C1620072B64C /* Resources */,
			);
			buildRules = (
			);
			dependencies = (
				04D2A88F2231C1630072B64C /* PBXTargetDependency */,
			);
			name = DuckDuckSearchTests;
			productName = DuckDuckSearchTests;
			productReference = 04D2A8892231C1620072B64C /* DuckDuckSearchTests.xctest */;
			productType = "com.apple.product-type.bundle.unit-test";
		};
/* End PBXNativeTarget section */

/* Begin PBXProject section */
		04122DAC22205FD1003461DB /* Project object */ = {
			isa = PBXProject;
			attributes = {
				LastSwiftUpdateCheck = 1010;
				LastUpgradeCheck = 1010;
				ORGANIZATIONNAME = EduardoSantiz;
				TargetAttributes = {
					04122DB322205FD1003461DB = {
						CreatedOnToolsVersion = 10.1;
					};
					04D2A8882231C1620072B64C = {
						CreatedOnToolsVersion = 10.1;
						TestTargetID = 04122DB322205FD1003461DB;
					};
				};
			};
			buildConfigurationList = 04122DAF22205FD1003461DB /* Build configuration list for PBXProject "DuckDuckSearch" */;
			compatibilityVersion = "Xcode 9.3";
			developmentRegion = en;
			hasScannedForEncodings = 0;
			knownRegions = (
				en,
				Base,
			);
			mainGroup = 04122DAB22205FD1003461DB;
			productRefGroup = 04122DB522205FD1003461DB /* Products */;
			projectDirPath = "";
			projectRoot = "";
			targets = (
				04122DB322205FD1003461DB /* DuckDuckSearch */,
				04D2A8882231C1620072B64C /* DuckDuckSearchTests */,
			);
		};
/* End PBXProject section */

/* Begin PBXResourcesBuildPhase section */
		04122DB222205FD1003461DB /* Resources */ = {
			isa = PBXResourcesBuildPhase;
			buildActionMask = 2147483647;
			files = (
				04122DCE2221C40D003461DB /* SearchHeader.xib in Resources */,
				04122DC222205FD4003461DB /* LaunchScreen.storyboard in Resources */,
				04122DBF22205FD4003461DB /* Assets.xcassets in Resources */,
				04122DBD22205FD1003461DB /* Main.storyboard in Resources */,
			);
			runOnlyForDeploymentPostprocessing = 0;
		};
		04D2A8872231C1620072B64C /* Resources */ = {
			isa = PBXResourcesBuildPhase;
			buildActionMask = 2147483647;
			files = (
			);
			runOnlyForDeploymentPostprocessing = 0;
		};
/* End PBXResourcesBuildPhase section */

/* Begin PBXSourcesBuildPhase section */
		04122DB022205FD1003461DB /* Sources */ = {
			isa = PBXSourcesBuildPhase;
			buildActionMask = 2147483647;
			files = (
				04E7F3B0222850FC0064AFE0 /* DuckDuckSearch.xcdatamodeld in Sources */,
				04E7F3B722287D6A0064AFE0 /* SearchTerms+CoreDataClass.swift in Sources */,
				04E7F3BA2228937F0064AFE0 /* DataPersistenceService.swift in Sources */,
				04E7F3B422285D420064AFE0 /* DataController.swift in Sources */,
				04122DD622226ECB003461DB /* DDGModel.swift in Sources */,
				04E7F3AD222706CA0064AFE0 /* ImageView+additionalSettings.swift in Sources */,
				04122DCC2221C3F6003461DB /* SearchHeader.swift in Sources */,
				04122DDA22237055003461DB /* ImageCache.swift in Sources */,
				04E7F3B822287D6A0064AFE0 /* SearchTerms+CoreDataProperties.swift in Sources */,
				04122DBA22205FD1003461DB /* SearchViewController.swift in Sources */,
				04122DB822205FD1003461DB /* AppDelegate.swift in Sources */,
				04122DDC22237CDF003461DB /* SearchViewModel.swift in Sources */,
				04122DD02221CC1E003461DB /* SearchTableViewCell.swift in Sources */,
				04122DD822230F01003461DB /* NetworkService.swift in Sources */,
				04E7F3BC222CA8150064AFE0 /* ResultViewController.swift in Sources */,
			);
			runOnlyForDeploymentPostprocessing = 0;
		};
		04D2A8852231C1620072B64C /* Sources */ = {
			isa = PBXSourcesBuildPhase;
			buildActionMask = 2147483647;
			files = (
				04D2A88C2231C1630072B64C /* DuckDuckSearchTests.swift in Sources */,
			);
			runOnlyForDeploymentPostprocessing = 0;
		};
/* End PBXSourcesBuildPhase section */

/* Begin PBXTargetDependency section */
		04D2A88F2231C1630072B64C /* PBXTargetDependency */ = {
			isa = PBXTargetDependency;
			target = 04122DB322205FD1003461DB /* DuckDuckSearch */;
			targetProxy = 04D2A88E2231C1630072B64C /* PBXContainerItemProxy */;
		};
/* End PBXTargetDependency section */

/* Begin PBXVariantGroup section */
		04122DBB22205FD1003461DB /* Main.storyboard */ = {
			isa = PBXVariantGroup;
			children = (
				04122DBC22205FD1003461DB /* Base */,
			);
			name = Main.storyboard;
			sourceTree = "<group>";
		};
		04122DC022205FD4003461DB /* LaunchScreen.storyboard */ = {
			isa = PBXVariantGroup;
			children = (
				04122DC122205FD4003461DB /* Base */,
			);
			name = LaunchScreen.storyboard;
			sourceTree = "<group>";
		};
/* End PBXVariantGroup section */

/* Begin XCBuildConfiguration section */
		04122DC422205FD4003461DB /* Debug */ = {
			isa = XCBuildConfiguration;
			buildSettings = {
				ALWAYS_SEARCH_USER_PATHS = NO;
				CLANG_ANALYZER_NONNULL = YES;
				CLANG_ANALYZER_NUMBER_OBJECT_CONVERSION = YES_AGGRESSIVE;
				CLANG_CXX_LANGUAGE_STANDARD = "gnu++14";
				CLANG_CXX_LIBRARY = "libc++";
				CLANG_ENABLE_MODULES = YES;
				CLANG_ENABLE_OBJC_ARC = YES;
				CLANG_ENABLE_OBJC_WEAK = YES;
				CLANG_WARN_BLOCK_CAPTURE_AUTORELEASING = YES;
				CLANG_WARN_BOOL_CONVERSION = YES;
				CLANG_WARN_COMMA = YES;
				CLANG_WARN_CONSTANT_CONVERSION = YES;
				CLANG_WARN_DEPRECATED_OBJC_IMPLEMENTATIONS = YES;
				CLANG_WARN_DIRECT_OBJC_ISA_USAGE = YES_ERROR;
				CLANG_WARN_DOCUMENTATION_COMMENTS = YES;
				CLANG_WARN_EMPTY_BODY = YES;
				CLANG_WARN_ENUM_CONVERSION = YES;
				CLANG_WARN_INFINITE_RECURSION = YES;
				CLANG_WARN_INT_CONVERSION = YES;
				CLANG_WARN_NON_LITERAL_NULL_CONVERSION = YES;
				CLANG_WARN_OBJC_IMPLICIT_RETAIN_SELF = YES;
				CLANG_WARN_OBJC_LITERAL_CONVERSION = YES;
				CLANG_WARN_OBJC_ROOT_CLASS = YES_ERROR;
				CLANG_WARN_RANGE_LOOP_ANALYSIS = YES;
				CLANG_WARN_STRICT_PROTOTYPES = YES;
				CLANG_WARN_SUSPICIOUS_MOVE = YES;
				CLANG_WARN_UNGUARDED_AVAILABILITY = YES_AGGRESSIVE;
				CLANG_WARN_UNREACHABLE_CODE = YES;
				CLANG_WARN__DUPLICATE_METHOD_MATCH = YES;
				CODE_SIGN_IDENTITY = "iPhone Developer";
				COPY_PHASE_STRIP = NO;
				DEBUG_INFORMATION_FORMAT = dwarf;
				ENABLE_STRICT_OBJC_MSGSEND = YES;
				ENABLE_TESTABILITY = YES;
				GCC_C_LANGUAGE_STANDARD = gnu11;
				GCC_DYNAMIC_NO_PIC = NO;
				GCC_NO_COMMON_BLOCKS = YES;
				GCC_OPTIMIZATION_LEVEL = 0;
				GCC_PREPROCESSOR_DEFINITIONS = (
					"DEBUG=1",
					"$(inherited)",
				);
				GCC_WARN_64_TO_32_BIT_CONVERSION = YES;
				GCC_WARN_ABOUT_RETURN_TYPE = YES_ERROR;
				GCC_WARN_UNDECLARED_SELECTOR = YES;
				GCC_WARN_UNINITIALIZED_AUTOS = YES_AGGRESSIVE;
				GCC_WARN_UNUSED_FUNCTION = YES;
				GCC_WARN_UNUSED_VARIABLE = YES;
				IPHONEOS_DEPLOYMENT_TARGET = 12.1;
				MTL_ENABLE_DEBUG_INFO = INCLUDE_SOURCE;
				MTL_FAST_MATH = YES;
				ONLY_ACTIVE_ARCH = YES;
				SDKROOT = iphoneos;
				SWIFT_ACTIVE_COMPILATION_CONDITIONS = DEBUG;
				SWIFT_OPTIMIZATION_LEVEL = "-Onone";
			};
			name = Debug;
		};
		04122DC522205FD4003461DB /* Release */ = {
			isa = XCBuildConfiguration;
			buildSettings = {
				ALWAYS_SEARCH_USER_PATHS = NO;
				CLANG_ANALYZER_NONNULL = YES;
				CLANG_ANALYZER_NUMBER_OBJECT_CONVERSION = YES_AGGRESSIVE;
				CLANG_CXX_LANGUAGE_STANDARD = "gnu++14";
				CLANG_CXX_LIBRARY = "libc++";
				CLANG_ENABLE_MODULES = YES;
				CLANG_ENABLE_OBJC_ARC = YES;
				CLANG_ENABLE_OBJC_WEAK = YES;
				CLANG_WARN_BLOCK_CAPTURE_AUTORELEASING = YES;
				CLANG_WARN_BOOL_CONVERSION = YES;
				CLANG_WARN_COMMA = YES;
				CLANG_WARN_CONSTANT_CONVERSION = YES;
				CLANG_WARN_DEPRECATED_OBJC_IMPLEMENTATIONS = YES;
				CLANG_WARN_DIRECT_OBJC_ISA_USAGE = YES_ERROR;
				CLANG_WARN_DOCUMENTATION_COMMENTS = YES;
				CLANG_WARN_EMPTY_BODY = YES;
				CLANG_WARN_ENUM_CONVERSION = YES;
				CLANG_WARN_INFINITE_RECURSION = YES;
				CLANG_WARN_INT_CONVERSION = YES;
				CLANG_WARN_NON_LITERAL_NULL_CONVERSION = YES;
				CLANG_WARN_OBJC_IMPLICIT_RETAIN_SELF = YES;
				CLANG_WARN_OBJC_LITERAL_CONVERSION = YES;
				CLANG_WARN_OBJC_ROOT_CLASS = YES_ERROR;
				CLANG_WARN_RANGE_LOOP_ANALYSIS = YES;
				CLANG_WARN_STRICT_PROTOTYPES = YES;
				CLANG_WARN_SUSPICIOUS_MOVE = YES;
				CLANG_WARN_UNGUARDED_AVAILABILITY = YES_AGGRESSIVE;
				CLANG_WARN_UNREACHABLE_CODE = YES;
				CLANG_WARN__DUPLICATE_METHOD_MATCH = YES;
				CODE_SIGN_IDENTITY = "iPhone Developer";
				COPY_PHASE_STRIP = NO;
				DEBUG_INFORMATION_FORMAT = "dwarf-with-dsym";
				ENABLE_NS_ASSERTIONS = NO;
				ENABLE_STRICT_OBJC_MSGSEND = YES;
				GCC_C_LANGUAGE_STANDARD = gnu11;
				GCC_NO_COMMON_BLOCKS = YES;
				GCC_WARN_64_TO_32_BIT_CONVERSION = YES;
				GCC_WARN_ABOUT_RETURN_TYPE = YES_ERROR;
				GCC_WARN_UNDECLARED_SELECTOR = YES;
				GCC_WARN_UNINITIALIZED_AUTOS = YES_AGGRESSIVE;
				GCC_WARN_UNUSED_FUNCTION = YES;
				GCC_WARN_UNUSED_VARIABLE = YES;
				IPHONEOS_DEPLOYMENT_TARGET = 12.1;
				MTL_ENABLE_DEBUG_INFO = NO;
				MTL_FAST_MATH = YES;
				SDKROOT = iphoneos;
				SWIFT_COMPILATION_MODE = wholemodule;
				SWIFT_OPTIMIZATION_LEVEL = "-O";
				VALIDATE_PRODUCT = YES;
			};
			name = Release;
		};
		04122DC722205FD4003461DB /* Debug */ = {
			isa = XCBuildConfiguration;
			buildSettings = {
				ASSETCATALOG_COMPILER_APPICON_NAME = AppIcon;
				CODE_SIGN_STYLE = Automatic;
				DEVELOPMENT_TEAM = 95J379GHJ9;
				INFOPLIST_FILE = DuckDuckSearch/Info.plist;
				LD_RUNPATH_SEARCH_PATHS = (
					"$(inherited)",
					"@executable_path/Frameworks",
				);
				PRODUCT_BUNDLE_IDENTIFIER = EduardoSantiz.DuckDuckSearch;
				PRODUCT_NAME = "$(TARGET_NAME)";
				SWIFT_VERSION = 4.2;
				TARGETED_DEVICE_FAMILY = "1,2";
			};
			name = Debug;
		};
		04122DC822205FD4003461DB /* Release */ = {
			isa = XCBuildConfiguration;
			buildSettings = {
				ASSETCATALOG_COMPILER_APPICON_NAME = AppIcon;
				CODE_SIGN_STYLE = Automatic;
				DEVELOPMENT_TEAM = 95J379GHJ9;
				INFOPLIST_FILE = DuckDuckSearch/Info.plist;
				LD_RUNPATH_SEARCH_PATHS = (
					"$(inherited)",
					"@executable_path/Frameworks",
				);
				PRODUCT_BUNDLE_IDENTIFIER = EduardoSantiz.DuckDuckSearch;
				PRODUCT_NAME = "$(TARGET_NAME)";
				SWIFT_VERSION = 4.2;
				TARGETED_DEVICE_FAMILY = "1,2";
			};
			name = Release;
		};
		04D2A8902231C1640072B64C /* Debug */ = {
			isa = XCBuildConfiguration;
			buildSettings = {
				BUNDLE_LOADER = "$(TEST_HOST)";
				CODE_SIGN_STYLE = Automatic;
				DEVELOPMENT_TEAM = 95J379GHJ9;
				INFOPLIST_FILE = DuckDuckSearchTests/Info.plist;
				LD_RUNPATH_SEARCH_PATHS = (
					"$(inherited)",
					"@executable_path/Frameworks",
					"@loader_path/Frameworks",
				);
				PRODUCT_BUNDLE_IDENTIFIER = EduardoSantiz.DuckDuckSearchTests;
				PRODUCT_NAME = "$(TARGET_NAME)";
				SWIFT_VERSION = 4.2;
				TARGETED_DEVICE_FAMILY = "1,2";
				TEST_HOST = "$(BUILT_PRODUCTS_DIR)/DuckDuckSearch.app/DuckDuckSearch";
			};
			name = Debug;
		};
		04D2A8912231C1640072B64C /* Release */ = {
			isa = XCBuildConfiguration;
			buildSettings = {
				BUNDLE_LOADER = "$(TEST_HOST)";
				CODE_SIGN_STYLE = Automatic;
				DEVELOPMENT_TEAM = 95J379GHJ9;
				INFOPLIST_FILE = DuckDuckSearchTests/Info.plist;
				LD_RUNPATH_SEARCH_PATHS = (
					"$(inherited)",
					"@executable_path/Frameworks",
					"@loader_path/Frameworks",
				);
				PRODUCT_BUNDLE_IDENTIFIER = EduardoSantiz.DuckDuckSearchTests;
				PRODUCT_NAME = "$(TARGET_NAME)";
				SWIFT_VERSION = 4.2;
				TARGETED_DEVICE_FAMILY = "1,2";
				TEST_HOST = "$(BUILT_PRODUCTS_DIR)/DuckDuckSearch.app/DuckDuckSearch";
			};
			name = Release;
		};
/* End XCBuildConfiguration section */

/* Begin XCConfigurationList section */
		04122DAF22205FD1003461DB /* Build configuration list for PBXProject "DuckDuckSearch" */ = {
			isa = XCConfigurationList;
			buildConfigurations = (
				04122DC422205FD4003461DB /* Debug */,
				04122DC522205FD4003461DB /* Release */,
			);
			defaultConfigurationIsVisible = 0;
			defaultConfigurationName = Release;
		};
		04122DC622205FD4003461DB /* Build configuration list for PBXNativeTarget "DuckDuckSearch" */ = {
			isa = XCConfigurationList;
			buildConfigurations = (
				04122DC722205FD4003461DB /* Debug */,
				04122DC822205FD4003461DB /* Release */,
			);
			defaultConfigurationIsVisible = 0;
			defaultConfigurationName = Release;
		};
		04D2A8922231C17E0072B64C /* Build configuration list for PBXNativeTarget "DuckDuckSearchTests" */ = {
			isa = XCConfigurationList;
			buildConfigurations = (
				04D2A8902231C1640072B64C /* Debug */,
				04D2A8912231C1640072B64C /* Release */,
			);
			defaultConfigurationIsVisible = 0;
			defaultConfigurationName = Release;
		};
/* End XCConfigurationList section */

/* Begin XCVersionGroup section */
		04E7F3AE222850FC0064AFE0 /* DuckDuckSearch.xcdatamodeld */ = {
			isa = XCVersionGroup;
			children = (
				04E7F3AF222850FC0064AFE0 /* DuckDuckSearch.xcdatamodel */,
			);
			currentVersion = 04E7F3AF222850FC0064AFE0 /* DuckDuckSearch.xcdatamodel */;
			path = DuckDuckSearch.xcdatamodeld;
			sourceTree = "<group>";
			versionGroupType = wrapper.xcdatamodel;
		};
/* End XCVersionGroup section */
	};
	rootObject = 04122DAC22205FD1003461DB /* Project object */;
}
